Microsoft Visual Studio Solution File, Format Version 12.00
# Visual Studio Version 17
VisualStudioVersion = 17.5.2.0
MinimumVisualStudioVersion = 10.0.40219.1
Project("{FAE04EC0-301F-11D3-BF4B-00C04F79EFBC}") = "AkademVault-API", "AkademVault-API.csproj", "{0EEAAEB1-CE84-2EBB-FBE2-F7E157A5E3DF}"
EndProject
Global
	GlobalSection(SolutionConfigurationPlatforms) = preSolution
		Debug|Any CPU = Debug|Any CPU
		Release|Any CPU = Release|Any CPU
	EndGlobalSection
	GlobalSection(ProjectConfigurationPlatforms) = postSolution
		{0EEAAEB1-CE84-2EBB-FBE2-F7E157A5E3DF}.Debug|Any CPU.ActiveCfg = Debug|Any CPU
		{0EEAAEB1-CE84-2EBB-FBE2-F7E157A5E3DF}.Debug|Any CPU.Build.0 = Debug|Any CPU
		{0EEAAEB1-CE84-2EBB-FBE2-F7E157A5E3DF}.Release|Any CPU.ActiveCfg = Release|Any CPU
		{0EEAAEB1-CE84-2EBB-FBE2-F7E157A5E3DF}.Release|Any CPU.Build.0 = Release|Any CPU
	EndGlobalSection
	GlobalSection(SolutionProperties) = preSolution
		HideSolutionNode = FALSE
	EndGlobalSection
	GlobalSection(ExtensibilityGlobals) = postSolution
		SolutionGuid = {FDAB371C-3B79-4267-96D0-FC1667DF0434}
	EndGlobalSection
EndGlobal
